
Microsoft Visual Studio Solution File, Format Version 12.00
# Visual Studio Version 16
VisualStudioVersion = 16.0.29519.87
MinimumVisualStudioVersion = 10.0.40219.1
Project("{FAE04EC0-301F-11D3-BF4B-00C04F79EFBC}") = "ctlClockLib", "ctlClockLib\ctlClockLib.csproj", "{C383FC68-034E-4F82-9E1F-39EA44ABF7BC}"
EndProject
Project("{FAE04EC0-301F-11D3-BF4B-00C04F79EFBC}") = "Test", "Test\Test.csproj", "{B98D96AE-A46E-4906-A5EC-1672F5B1F8D9}"
EndProject
Global
	GlobalSection(SolutionConfigurationPlatforms) = preSolution
		Debug|Any CPU = Debug|Any CPU
		Release|Any CPU = Release|Any CPU
	EndGlobalSection
	GlobalSection(ProjectConfigurationPlatforms) = postSolution
		{C383FC68-034E-4F82-9E1F-39EA44ABF7BC}.Debug|Any CPU.ActiveCfg = Debug|Any CPU
		{C383FC68-034E-4F82-9E1F-39EA44ABF7BC}.Debug|Any CPU.Build.0 = Debug|Any CPU
		{C383FC68-034E-4F82-9E1F-39EA44ABF7BC}.Release|Any CPU.ActiveCfg = Release|Any CPU
		{C383FC68-034E-4F82-9E1F-39EA44ABF7BC}.Release|Any CPU.Build.0 = Release|Any CPU
		{B98D96AE-A46E-4906-A5EC-1672F5B1F8D9}.Debug|Any CPU.ActiveCfg = Debug|Any CPU
		{B98D96AE-A46E-4906-A5EC-1672F5B1F8D9}.Debug|Any CPU.Build.0 = Debug|Any CPU
		{B98D96AE-A46E-4906-A5EC-1672F5B1F8D9}.Release|Any CPU.ActiveCfg = Release|Any CPU
		{B98D96AE-A46E-4906-A5EC-1672F5B1F8D9}.Release|Any CPU.Build.0 = Release|Any CPU
	EndGlobalSection
	GlobalSection(SolutionProperties) = preSolution
		HideSolutionNode = FALSE
	EndGlobalSection
	GlobalSection(ExtensibilityGlobals) = postSolution
		SolutionGuid = {968AAEF9-8FA5-49C3-AF10-D5A0C273B5C1}
	EndGlobalSection
EndGlobal
